
Microsoft Visual Studio Solution File, Format Version 12.00
# Visual Studio Version 17
VisualStudioVersion = 17.13.35806.99 d17.13
MinimumVisualStudioVersion = 10.0.40219.1
Project("{FAE04EC0-301F-11D3-BF4B-00C04F79EFBC}") = "SmartBus", "SmartBus\SmartBus.csproj", "{BD2B7F8F-BFB1-4829-9A54-AD63547CAA88}"
EndProject
Global
	GlobalSection(SolutionConfigurationPlatforms) = preSolution
		Debug|Any CPU = Debug|Any CPU
		Release|Any CPU = Release|Any CPU
	EndGlobalSection
	GlobalSection(ProjectConfigurationPlatforms) = postSolution
		{BD2B7F8F-BFB1-4829-9A54-AD63547CAA88}.Debug|Any CPU.ActiveCfg = Debug|Any CPU
		{BD2B7F8F-BFB1-4829-9A54-AD63547CAA88}.Debug|Any CPU.Build.0 = Debug|Any CPU
		{BD2B7F8F-BFB1-4829-9A54-AD63547CAA88}.Release|Any CPU.ActiveCfg = Release|Any CPU
		{BD2B7F8F-BFB1-4829-9A54-AD63547CAA88}.Release|Any CPU.Build.0 = Release|Any CPU
	EndGlobalSection
	GlobalSection(SolutionProperties) = preSolution
		HideSolutionNode = FALSE
	EndGlobalSection
	GlobalSection(ExtensibilityGlobals) = postSolution
		SolutionGuid = {8B16CB38-8424-4290-8199-FE13811AA4EF}
	EndGlobalSection
EndGlobal
